<?xml version="1.0" encoding="utf-8"?>
<Project ToolsVersion="4.0" xmlns="http://schemas.microsoft.com/developer/msbuild/2003">
  <ItemGroup>
    <Filter Include="Source Files">
      <UniqueIdentifier>{4FC737F1-C7A5-4376-A066-2A32D752A2FF}</UniqueIdentifier>
      <Extensions>cpp;c;cc;cxx;c++;cppm;ixx;def;odl;idl;hpj;bat;asm;asmx</Extensions>
    </Filter>
    <Filter Include="Resource Files">
      <UniqueIdentifier>{67DA6AB6-F800-4c08-8B7A-83BB121AAD01}</UniqueIdentifier>
      <Extensions>rc;ico;cur;bmp;dlg;rc2;rct;bin;rgs;gif;jpg;jpeg;jpe;resx;tiff;tif;png;wav;mfcribbon-ms</Extensions>
    </Filter>
    <Filter Include="Source Files\Central Compute Unit">
      <UniqueIdentifier>{ffa7480d-4791-49b4-b41c-68d42cfcacbb}</UniqueIdentifier>
    </Filter>
    <Filter Include="Source Files\Central Compute Unit\Video Processing Unit">
      <UniqueIdentifier>{2c5dbcb8-bd96-45d2-bb4a-1b1e0f983305}</UniqueIdentifier>
    </Filter>
    <Filter Include="Source Files\Central Compute Unit\Peripherals">
      <UniqueIdentifier>{99612963-995a-4ab2-bef1-01adb0238318}</UniqueIdentifier>
    </Filter>
    <Filter Include="Source Files\Central Compute Unit\Peripherals\Cartridge">
      <UniqueIdentifier>{31f781ce-c010-48ef-9276-af9caef57062}</UniqueIdentifier>
    </Filter>
    <Filter Include="Source Files\Application">
      <UniqueIdentifier>{ee32073b-6db7-42d5-8fec-43ec0040dd6b}</UniqueIdentifier>
    </Filter>
    <Filter Include="Libraries">
      <UniqueIdentifier>{93995380-89BD-4b04-88EB-625FBE52EBFB}</UniqueIdentifier>
      <Extensions>h;hh;hpp;hxx;h++;hm;inl;inc;ipp;xsd</Extensions>
    </Filter>
  </ItemGroup>
  <ItemGroup>
    <ClCompile Include="main.cpp">
      <Filter>Source Files</Filter>
    </ClCompile>
    <ClCompile Include="CCU.cpp">
      <Filter>Source Files\Central Compute Unit</Filter>
    </ClCompile>
    <ClCompile Include="VPU.cpp">
      <Filter>Source Files\Central Compute Unit\Video Processing Unit</Filter>
    </ClCompile>
    <ClCompile Include="Cartridge.cpp">
      <Filter>Source Files\Central Compute Unit\Peripherals\Cartridge</Filter>
    </ClCompile>
    <ClCompile Include="Application.cpp">
      <Filter>Source Files\Application</Filter>
    </ClCompile>
  </ItemGroup>
  <ItemGroup>
    <ClInclude Include="CCU.h">
      <Filter>Source Files\Central Compute Unit</Filter>
    </ClInclude>
    <ClInclude Include="VPU.h">
      <Filter>Source Files\Central Compute Unit\Video Processing Unit</Filter>
    </ClInclude>
    <ClInclude Include="Cartridge.h">
      <Filter>Source Files\Central Compute Unit\Peripherals\Cartridge</Filter>
    </ClInclude>
    <ClInclude Include="olcPixelGameEngine.h">
      <Filter>Libraries</Filter>
    </ClInclude>
    <ClInclude Include="Application.h">
      <Filter>Source Files\Application</Filter>
    </ClInclude>
  </ItemGroup>
</Project>